
Microsoft Visual Studio Solution File, Format Version 12.00
# Visual Studio Version 17
VisualStudioVersion = 17.6.33815.320
MinimumVisualStudioVersion = 10.0.40219.1
Project("{9A19103F-16F7-4668-BE54-9A1E7A4F7556}") = "PetsOverhaul", "PetsOverhaul.csproj", "{0D143328-A11F-410F-BA39-60B3CF506316}"
EndProject
Global
	GlobalSection(SolutionConfigurationPlatforms) = preSolution
		Debug|Any CPU = Debug|Any CPU
		Release|Any CPU = Release|Any CPU
	EndGlobalSection
	GlobalSection(ProjectConfigurationPlatforms) = postSolution
		{0D143328-A11F-410F-BA39-60B3CF506316}.Debug|Any CPU.ActiveCfg = Debug|Any CPU
		{0D143328-A11F-410F-BA39-60B3CF506316}.Debug|Any CPU.Build.0 = Debug|Any CPU
		{0D143328-A11F-410F-BA39-60B3CF506316}.Release|Any CPU.ActiveCfg = Release|Any CPU
		{0D143328-A11F-410F-BA39-60B3CF506316}.Release|Any CPU.Build.0 = Release|Any CPU
	EndGlobalSection
	GlobalSection(SolutionProperties) = preSolution
		HideSolutionNode = FALSE
	EndGlobalSection
	GlobalSection(ExtensibilityGlobals) = postSolution
		SolutionGuid = {3DFD2676-53C1-464C-B7BC-A91BF573C823}
	EndGlobalSection
EndGlobal
